PODS:
  - Flutter (1.0.0)
  - flutter_keyboard_visibility (0.0.1):
    - Flutter
  - flutter_keyboard_visibility_temp_fork (0.0.1):
    - Flutter
  - package_info_plus (0.4.5):
    - Flutter
  - path_provider_foundation (0.0.1):
    - Flutter
    - FlutterMacOS
  - quill_native_bridge_ios (0.0.1):
    - Flutter
  - SQLCipher (4.9.0):
    - SQLCipher/standard (= 4.9.0)
  - SQLCipher/common (4.9.0)
  - SQLCipher/standard (4.9.0):
    - SQLCipher/common
  - sqlcipher_flutter_libs (0.0.1):
    - Flutter
    - SQLCipher (~> 4.9.0)
  - url_launcher_ios (0.0.1):
    - Flutter

DEPENDENCIES:
  - Flutter (from `Flutter`)
  - flutter_keyboard_visibility (from `.symlinks/plugins/flutter_keyboard_visibility/ios`)
  - flutter_keyboard_visibility_temp_fork (from `.symlinks/plugins/flutter_keyboard_visibility_temp_fork/ios`)
  - package_info_plus (from `.symlinks/plugins/package_info_plus/ios`)
  - path_provider_foundation (from `.symlinks/plugins/path_provider_foundation/darwin`)
  - quill_native_bridge_ios (from `.symlinks/plugins/quill_native_bridge_ios/ios`)
  - sqlcipher_flutter_libs (from `.symlinks/plugins/sqlcipher_flutter_libs/ios`)
  - url_launcher_ios (from `.symlinks/plugins/url_launcher_ios/ios`)

SPEC REPOS:
  trunk:
    - SQLCipher

EXTERNAL SOURCES:
  Flutter:
    :path: Flutter
  flutter_keyboard_visibility:
    :path: ".symlinks/plugins/flutter_keyboard_visibility/ios"
  flutter_keyboard_visibility_temp_fork:
    :path: ".symlinks/plugins/flutter_keyboard_visibility_temp_fork/ios"
  package_info_plus:
    :path: ".symlinks/plugins/package_info_plus/ios"
  path_provider_foundation:
    :path: ".symlinks/plugins/path_provider_foundation/darwin"
  quill_native_bridge_ios:
    :path: ".symlinks/plugins/quill_native_bridge_ios/ios"
  sqlcipher_flutter_libs:
    :path: ".symlinks/plugins/sqlcipher_flutter_libs/ios"
  url_launcher_ios:
    :path: ".symlinks/plugins/url_launcher_ios/ios"

SPEC CHECKSUMS:
  Flutter: e0871f40cf51350855a761d2e70bf5af5b9b5de7
  flutter_keyboard_visibility: 0339d06371254c3eb25eeb90ba8d17dca8f9c069
  flutter_keyboard_visibility_temp_fork: 8a8809c4129e31d25fca77446e0f3fd548122ced
  package_info_plus: c0502532a26c7662a62a356cebe2692ec5fe4ec4
  path_provider_foundation: 2b6b4c569c0fb62ec74538f866245ac84301af46
  quill_native_bridge_ios: 2b01d585fcc73d0f5eed78c0bd244ee564b06f5a
  SQLCipher: 31878d8ebd27e5c96db0b7cb695c96e9f8ad77da
  sqlcipher_flutter_libs: 8aa5c729f2afb3bf5993d6deeec04ddbbd2ba3d5
  url_launcher_ios: 5334b05cef931de560670eeae103fd3e431ac3fe

PODFILE CHECKSUM: 819463e6a0290f5a72f145ba7cde16e8b6ef0796

COCOAPODS: 1.15.2
